TerminalBlock_Philmore_TB132_02x5mm_Straight:
  back_depth: 4.8
  front_depth: 5.4
  hole_size: 1.47
  pad_size: 2.4
  pad_spacing: 5
  ways: 2
  datasheet: http://www.philmore-datak.com/mc/Page%20197.pdf
TerminalBlock_Philmore_TB133_03x5mm_Straight:
  back_depth: 4.8
  front_depth: 5.4
  hole_size: 1.47
  pad_size: 2.4
  pad_spacing: 5
  ways: 3
  datasheet: http://www.philmore-datak.com/mc/Page%20197.pdf
